
Microsoft Visual Studio Solution File, Format Version 12.00
# Visual Studio Version 16
VisualStudioVersion = 16.0.31112.23
MinimumVisualStudioVersion = 10.0.40219.1
Project("{FAE04EC0-301F-11D3-BF4B-00C04F79EFBC}") = "AULA1.Android", "AULA1\AULA1.Android\AULA1.Android.csproj", "{D57F9901-FCC9-4112-B5A0-99295859ED8A}"
EndProject
Project("{FAE04EC0-301F-11D3-BF4B-00C04F79EFBC}") = "AULA1.iOS", "AULA1\AULA1.iOS\AULA1.iOS.csproj", "{D16D930F-DC0C-4C5D-AC40-4A85EAA3372E}"
EndProject
Project("{FAE04EC0-301F-11D3-BF4B-00C04F79EFBC}") = "AULA1", "AULA1\AULA1\AULA1.csproj", "{67CA1506-C718-452F-A527-3A718730E3FD}"
EndProject
Global
	GlobalSection(SolutionConfigurationPlatforms) = preSolution
		Debug|Any CPU = Debug|Any CPU
		Debug|iPhone = Debug|iPhone
		Debug|iPhoneSimulator = Debug|iPhoneSimulator
		Release|Any CPU = Release|Any CPU
		Release|iPhone = Release|iPhone
		Release|iPhoneSimulator = Release|iPhoneSimulator
	EndGlobalSection
	GlobalSection(ProjectConfigurationPlatforms) = postSolution
		{D57F9901-FCC9-4112-B5A0-99295859ED8A}.Debug|Any CPU.ActiveCfg = Debug|Any CPU
		{D57F9901-FCC9-4112-B5A0-99295859ED8A}.Debug|Any CPU.Build.0 = Debug|Any CPU
		{D57F9901-FCC9-4112-B5A0-99295859ED8A}.Debug|Any CPU.Deploy.0 = Debug|Any CPU
		{D57F9901-FCC9-4112-B5A0-99295859ED8A}.Debug|iPhone.ActiveCfg = Debug|Any CPU
		{D57F9901-FCC9-4112-B5A0-99295859ED8A}.Debug|iPhone.Build.0 = Debug|Any CPU
		{D57F9901-FCC9-4112-B5A0-99295859ED8A}.Debug|iPhone.Deploy.0 = Debug|Any CPU
		{D57F9901-FCC9-4112-B5A0-99295859ED8A}.Debug|iPhoneSimulator.ActiveCfg = Debug|Any CPU
		{D57F9901-FCC9-4112-B5A0-99295859ED8A}.Debug|iPhoneSimulator.Build.0 = Debug|Any CPU
		{D57F9901-FCC9-4112-B5A0-99295859ED8A}.Debug|iPhoneSimulator.Deploy.0 = Debug|Any CPU
		{D57F9901-FCC9-4112-B5A0-99295859ED8A}.Release|Any CPU.ActiveCfg = Release|Any CPU
		{D57F9901-FCC9-4112-B5A0-99295859ED8A}.Release|Any CPU.Build.0 = Release|Any CPU
		{D57F9901-FCC9-4112-B5A0-99295859ED8A}.Release|Any CPU.Deploy.0 = Release|Any CPU
		{D57F9901-FCC9-4112-B5A0-99295859ED8A}.Release|iPhone.ActiveCfg = Release|Any CPU
		{D57F9901-FCC9-4112-B5A0-99295859ED8A}.Release|iPhone.Build.0 = Release|Any CPU
		{D57F9901-FCC9-4112-B5A0-99295859ED8A}.Release|iPhone.Deploy.0 = Release|Any CPU
		{D57F9901-FCC9-4112-B5A0-99295859ED8A}.Release|iPhoneSimulator.ActiveCfg = Release|Any CPU
		{D57F9901-FCC9-4112-B5A0-99295859ED8A}.Release|iPhoneSimulator.Build.0 = Release|Any CPU
		{D57F9901-FCC9-4112-B5A0-99295859ED8A}.Release|iPhoneSimulator.Deploy.0 = Release|Any CPU
		{D16D930F-DC0C-4C5D-AC40-4A85EAA3372E}.Debug|Any CPU.ActiveCfg = Debug|iPhone
		{D16D930F-DC0C-4C5D-AC40-4A85EAA3372E}.Debug|Any CPU.Build.0 = Debug|iPhone
		{D16D930F-DC0C-4C5D-AC40-4A85EAA3372E}.Debug|Any CPU.Deploy.0 = Debug|iPhone
		{D16D930F-DC0C-4C5D-AC40-4A85EAA3372E}.Debug|iPhone.ActiveCfg = Debug|iPhone
		{D16D930F-DC0C-4C5D-AC40-4A85EAA3372E}.Debug|iPhone.Build.0 = Debug|iPhone
		{D16D930F-DC0C-4C5D-AC40-4A85EAA3372E}.Debug|iPhone.Deploy.0 = Debug|iPhone
		{D16D930F-DC0C-4C5D-AC40-4A85EAA3372E}.Debug|iPhoneSimulator.ActiveCfg = Debug|iPhoneSimulator
		{D16D930F-DC0C-4C5D-AC40-4A85EAA3372E}.Debug|iPhoneSimulator.Build.0 = Debug|iPhoneSimulator
		{D16D930F-DC0C-4C5D-AC40-4A85EAA3372E}.Debug|iPhoneSimulator.Deploy.0 = Debug|iPhoneSimulator
		{D16D930F-DC0C-4C5D-AC40-4A85EAA3372E}.Release|Any CPU.ActiveCfg = Release|iPhoneSimulator
		{D16D930F-DC0C-4C5D-AC40-4A85EAA3372E}.Release|Any CPU.Build.0 = Release|iPhoneSimulator
		{D16D930F-DC0C-4C5D-AC40-4A85EAA3372E}.Release|Any CPU.Deploy.0 = Release|iPhoneSimulator
		{D16D930F-DC0C-4C5D-AC40-4A85EAA3372E}.Release|iPhone.ActiveCfg = Release|iPhone
		{D16D930F-DC0C-4C5D-AC40-4A85EAA3372E}.Release|iPhone.Build.0 = Release|iPhone
		{D16D930F-DC0C-4C5D-AC40-4A85EAA3372E}.Release|iPhone.Deploy.0 = Release|iPhone
		{D16D930F-DC0C-4C5D-AC40-4A85EAA3372E}.Release|iPhoneSimulator.ActiveCfg = Release|iPhoneSimulator
		{D16D930F-DC0C-4C5D-AC40-4A85EAA3372E}.Release|iPhoneSimulator.Build.0 = Release|iPhoneSimulator
		{D16D930F-DC0C-4C5D-AC40-4A85EAA3372E}.Release|iPhoneSimulator.Deploy.0 = Release|iPhoneSimulator
		{67CA1506-C718-452F-A527-3A718730E3FD}.Debug|Any CPU.ActiveCfg = Debug|Any CPU
		{67CA1506-C718-452F-A527-3A718730E3FD}.Debug|Any CPU.Build.0 = Debug|Any CPU
		{67CA1506-C718-452F-A527-3A718730E3FD}.Debug|Any CPU.Deploy.0 = Debug|Any CPU
		{67CA1506-C718-452F-A527-3A718730E3FD}.Debug|iPhone.ActiveCfg = Debug|Any CPU
		{67CA1506-C718-452F-A527-3A718730E3FD}.Debug|iPhone.Build.0 = Debug|Any CPU
		{67CA1506-C718-452F-A527-3A718730E3FD}.Debug|iPhone.Deploy.0 = Debug|Any CPU
		{67CA1506-C718-452F-A527-3A718730E3FD}.Debug|iPhoneSimulator.ActiveCfg = Debug|Any CPU
		{67CA1506-C718-452F-A527-3A718730E3FD}.Debug|iPhoneSimulator.Build.0 = Debug|Any CPU
		{67CA1506-C718-452F-A527-3A718730E3FD}.Debug|iPhoneSimulator.Deploy.0 = Debug|Any CPU
		{67CA1506-C718-452F-A527-3A718730E3FD}.Release|Any CPU.ActiveCfg = Release|Any CPU
		{67CA1506-C718-452F-A527-3A718730E3FD}.Release|Any CPU.Build.0 = Release|Any CPU
		{67CA1506-C718-452F-A527-3A718730E3FD}.Release|Any CPU.Deploy.0 = Release|Any CPU
		{67CA1506-C718-452F-A527-3A718730E3FD}.Release|iPhone.ActiveCfg = Release|Any CPU
		{67CA1506-C718-452F-A527-3A718730E3FD}.Release|iPhone.Build.0 = Release|Any CPU
		{67CA1506-C718-452F-A527-3A718730E3FD}.Release|iPhone.Deploy.0 = Release|Any CPU
		{67CA1506-C718-452F-A527-3A718730E3FD}.Release|iPhoneSimulator.ActiveCfg = Release|Any CPU
		{67CA1506-C718-452F-A527-3A718730E3FD}.Release|iPhoneSimulator.Build.0 = Release|Any CPU
		{67CA1506-C718-452F-A527-3A718730E3FD}.Release|iPhoneSimulator.Deploy.0 = Release|Any CPU
	EndGlobalSection
	GlobalSection(SolutionProperties) = preSolution
		HideSolutionNode = FALSE
	EndGlobalSection
	GlobalSection(ExtensibilityGlobals) = postSolution
		SolutionGuid = {82C83C67-E08A-4EB2-B783-92FDD6134921}
	EndGlobalSection
EndGlobal
